
Microsoft Visual Studio Solution File, Format Version 12.00
# Visual Studio Version 17
VisualStudioVersion = 17.0.32014.148
MinimumVisualStudioVersion = 10.0.40219.1
Project("{C7167F0D-BC9F-4E6E-AFE1-012C56B48DB5}") = "LauncherPackage", "LauncherPackage\LauncherPackage.wapproj", "{594D8EC5-8454-476C-B246-18B6C1EB805D}"
EndProject
Project("{FAE04EC0-301F-11D3-BF4B-00C04F79EFBC}") = "Launcher", "Launcher\Launcher.csproj", "{982DE9F6-1BA5-42CA-B859-DF3CEB9D06A4}"
EndProject
Global
	GlobalSection(SolutionConfigurationPlatforms) = preSolution
		Release|x64 = Release|x64
		Release|x86 = Release|x86
	EndGlobalSection
	GlobalSection(ProjectConfigurationPlatforms) = postSolution
		{594D8EC5-8454-476C-B246-18B6C1EB805D}.Release|x64.ActiveCfg = Release|x64
		{594D8EC5-8454-476C-B246-18B6C1EB805D}.Release|x64.Build.0 = Release|x64
		{594D8EC5-8454-476C-B246-18B6C1EB805D}.Release|x64.Deploy.0 = Release|x64
		{594D8EC5-8454-476C-B246-18B6C1EB805D}.Release|x86.ActiveCfg = Release|x86
		{594D8EC5-8454-476C-B246-18B6C1EB805D}.Release|x86.Build.0 = Release|x86
		{594D8EC5-8454-476C-B246-18B6C1EB805D}.Release|x86.Deploy.0 = Release|x86
		{982DE9F6-1BA5-42CA-B859-DF3CEB9D06A4}.Release|x64.ActiveCfg = Release|x64
		{982DE9F6-1BA5-42CA-B859-DF3CEB9D06A4}.Release|x64.Build.0 = Release|x64
		{982DE9F6-1BA5-42CA-B859-DF3CEB9D06A4}.Release|x64.Deploy.0 = Release|x64
		{982DE9F6-1BA5-42CA-B859-DF3CEB9D06A4}.Release|x86.ActiveCfg = Release|x86
		{982DE9F6-1BA5-42CA-B859-DF3CEB9D06A4}.Release|x86.Build.0 = Release|x86
		{982DE9F6-1BA5-42CA-B859-DF3CEB9D06A4}.Release|x86.Deploy.0 = Release|x86
	EndGlobalSection
	GlobalSection(SolutionProperties) = preSolution
		HideSolutionNode = FALSE
	EndGlobalSection
	GlobalSection(ExtensibilityGlobals) = postSolution
		SolutionGuid = {7FEB02E9-FEC3-4A99-A993-CEF6A3251A14}
	EndGlobalSection
EndGlobal
